
Microsoft Visual Studio Solution File, Format Version 12.00
# Visual Studio Version 17
VisualStudioVersion = 17.9.34728.123
MinimumVisualStudioVersion = 10.0.40219.1
Project("{FAE04EC0-301F-11D3-BF4B-00C04F79EFBC}") = "BlazorApp12", "BlazorApp12\BlazorApp12.csproj", "{B9FF57F5-938C-4E76-B0B1-2BB85947B63E}"
EndProject
Global
	GlobalSection(SolutionConfigurationPlatforms) = preSolution
		Debug|Any CPU = Debug|Any CPU
		Release|Any CPU = Release|Any CPU
	EndGlobalSection
	GlobalSection(ProjectConfigurationPlatforms) = postSolution
		{B9FF57F5-938C-4E76-B0B1-2BB85947B63E}.Debug|Any CPU.ActiveCfg = Debug|Any CPU
		{B9FF57F5-938C-4E76-B0B1-2BB85947B63E}.Debug|Any CPU.Build.0 = Debug|Any CPU
		{B9FF57F5-938C-4E76-B0B1-2BB85947B63E}.Release|Any CPU.ActiveCfg = Release|Any CPU
		{B9FF57F5-938C-4E76-B0B1-2BB85947B63E}.Release|Any CPU.Build.0 = Release|Any CPU
	EndGlobalSection
	GlobalSection(SolutionProperties) = preSolution
		HideSolutionNode = FALSE
	EndGlobalSection
	GlobalSection(ExtensibilityGlobals) = postSolution
		SolutionGuid = {02A7F57A-8474-4B6E-ABE9-264B965B2F96}
	EndGlobalSection
EndGlobal
